<?xml version="1.0" encoding="utf-8"?>
<Project ToolsVersion="4.0" xmlns="http://schemas.microsoft.com/developer/msbuild/2003">
  <ItemGroup>
    <Filter Include="Eye">
      <UniqueIdentifier>{68E8870B-D4F1-877C-5D6D-9E7CC975937C}</UniqueIdentifier>
    </Filter>
  </ItemGroup>
  <ItemGroup>
    <ClInclude Include="src\Eye.h" />
    <ClInclude Include="src\Eye\Application.h">
      <Filter>Eye</Filter>
    </ClInclude>
    <ClInclude Include="src\Eye\Core.h">
      <Filter>Eye</Filter>
    </ClInclude>
    <ClInclude Include="src\Eye\EntryPoint.h">
      <Filter>Eye</Filter>
    </ClInclude>
    <ClInclude Include="src\Eye\Log.h">
      <Filter>Eye</Filter>
    </ClInclude>
    <ClInclude Include="src\Eye\Events\ApplicationEvent.h" />
    <ClInclude Include="src\Eye\Events\Event.h" />
    <ClInclude Include="src\Eye\Events\KeyEvent.h" />
    <ClInclude Include="src\Eye\Events\MouseEvent.h" />
  </ItemGroup>
  <ItemGroup>
    <ClCompile Include="src\Eye\Application.cpp">
      <Filter>Eye</Filter>
    </ClCompile>
    <ClCompile Include="src\Eye\Log.cpp">
      <Filter>Eye</Filter>
    </ClCompile>
  </ItemGroup>
</Project>